
Microsoft Visual Studio Solution File, Format Version 12.00
# Visual Studio 15
VisualStudioVersion = 15.0.28010.2036
MinimumVisualStudioVersion = 10.0.40219.1
Project("{FAE04EC0-301F-11D3-BF4B-00C04F79EFBC}") = "GlobalHooks", "GlobalHook\GlobalHooks.csproj", "{EEA20E44-613E-437C-ADD2-C1A8DF50FD1F}"
EndProject
Project("{FAE04EC0-301F-11D3-BF4B-00C04F79EFBC}") = "au.Torrent", "au.Torrent\au.Torrent.csproj", "{CFCE5736-8DF9-4489-A1CE-058E791DBB7D}"
EndProject
Project("{FAE04EC0-301F-11D3-BF4B-00C04F79EFBC}") = "au.Backend", "au.Backend\au.Backend.csproj", "{0E4EA4CC-76FD-465F-9EAC-D40CCEDA5CE2}"
EndProject
Project("{FAE04EC0-301F-11D3-BF4B-00C04F79EFBC}") = "WebRuntimeComponent", "WebRuntimeComponent\WebRuntimeComponent.csproj", "{F6FDBC50-9D09-4664-98AE-EE7A339E59D6}"
EndProject
Global
	GlobalSection(SolutionConfigurationPlatforms) = preSolution
		Debug|Any CPU = Debug|Any CPU
		Debug|ARM = Debug|ARM
		Debug|ARM64 = Debug|ARM64
		Debug|x64 = Debug|x64
		Debug|x86 = Debug|x86
		Release|Any CPU = Release|Any CPU
		Release|ARM = Release|ARM
		Release|ARM64 = Release|ARM64
		Release|x64 = Release|x64
		Release|x86 = Release|x86
	EndGlobalSection
	GlobalSection(ProjectConfigurationPlatforms) = postSolution
		{EEA20E44-613E-437C-ADD2-C1A8DF50FD1F}.Debug|Any CPU.ActiveCfg = Debug|Any CPU
		{EEA20E44-613E-437C-ADD2-C1A8DF50FD1F}.Debug|Any CPU.Build.0 = Debug|Any CPU
		{EEA20E44-613E-437C-ADD2-C1A8DF50FD1F}.Debug|ARM.ActiveCfg = Debug|Any CPU
		{EEA20E44-613E-437C-ADD2-C1A8DF50FD1F}.Debug|ARM.Build.0 = Debug|Any CPU
		{EEA20E44-613E-437C-ADD2-C1A8DF50FD1F}.Debug|ARM64.ActiveCfg = Debug|Any CPU
		{EEA20E44-613E-437C-ADD2-C1A8DF50FD1F}.Debug|ARM64.Build.0 = Debug|Any CPU
		{EEA20E44-613E-437C-ADD2-C1A8DF50FD1F}.Debug|x64.ActiveCfg = Debug|Any CPU
		{EEA20E44-613E-437C-ADD2-C1A8DF50FD1F}.Debug|x64.Build.0 = Debug|Any CPU
		{EEA20E44-613E-437C-ADD2-C1A8DF50FD1F}.Debug|x86.ActiveCfg = Debug|Any CPU
		{EEA20E44-613E-437C-ADD2-C1A8DF50FD1F}.Debug|x86.Build.0 = Debug|Any CPU
		{EEA20E44-613E-437C-ADD2-C1A8DF50FD1F}.Release|Any CPU.ActiveCfg = Release|Any CPU
		{EEA20E44-613E-437C-ADD2-C1A8DF50FD1F}.Release|Any CPU.Build.0 = Release|Any CPU
		{EEA20E44-613E-437C-ADD2-C1A8DF50FD1F}.Release|ARM.ActiveCfg = Release|Any CPU
		{EEA20E44-613E-437C-ADD2-C1A8DF50FD1F}.Release|ARM.Build.0 = Release|Any CPU
		{EEA20E44-613E-437C-ADD2-C1A8DF50FD1F}.Release|ARM64.ActiveCfg = Release|Any CPU
		{EEA20E44-613E-437C-ADD2-C1A8DF50FD1F}.Release|ARM64.Build.0 = Release|Any CPU
		{EEA20E44-613E-437C-ADD2-C1A8DF50FD1F}.Release|x64.ActiveCfg = Release|Any CPU
		{EEA20E44-613E-437C-ADD2-C1A8DF50FD1F}.Release|x64.Build.0 = Release|Any CPU
		{EEA20E44-613E-437C-ADD2-C1A8DF50FD1F}.Release|x86.ActiveCfg = Release|Any CPU
		{EEA20E44-613E-437C-ADD2-C1A8DF50FD1F}.Release|x86.Build.0 = Release|Any CPU
		{CFCE5736-8DF9-4489-A1CE-058E791DBB7D}.Debug|Any CPU.ActiveCfg = Debug|Any CPU
		{CFCE5736-8DF9-4489-A1CE-058E791DBB7D}.Debug|Any CPU.Build.0 = Debug|Any CPU
		{CFCE5736-8DF9-4489-A1CE-058E791DBB7D}.Debug|ARM.ActiveCfg = Debug|Any CPU
		{CFCE5736-8DF9-4489-A1CE-058E791DBB7D}.Debug|ARM.Build.0 = Debug|Any CPU
		{CFCE5736-8DF9-4489-A1CE-058E791DBB7D}.Debug|ARM64.ActiveCfg = Debug|Any CPU
		{CFCE5736-8DF9-4489-A1CE-058E791DBB7D}.Debug|ARM64.Build.0 = Debug|Any CPU
		{CFCE5736-8DF9-4489-A1CE-058E791DBB7D}.Debug|x64.ActiveCfg = Debug|Any CPU
		{CFCE5736-8DF9-4489-A1CE-058E791DBB7D}.Debug|x64.Build.0 = Debug|Any CPU
		{CFCE5736-8DF9-4489-A1CE-058E791DBB7D}.Debug|x86.ActiveCfg = Debug|Any CPU
		{CFCE5736-8DF9-4489-A1CE-058E791DBB7D}.Debug|x86.Build.0 = Debug|Any CPU
		{CFCE5736-8DF9-4489-A1CE-058E791DBB7D}.Release|Any CPU.ActiveCfg = Release|Any CPU
		{CFCE5736-8DF9-4489-A1CE-058E791DBB7D}.Release|Any CPU.Build.0 = Release|Any CPU
		{CFCE5736-8DF9-4489-A1CE-058E791DBB7D}.Release|ARM.ActiveCfg = Release|Any CPU
		{CFCE5736-8DF9-4489-A1CE-058E791DBB7D}.Release|ARM.Build.0 = Release|Any CPU
		{CFCE5736-8DF9-4489-A1CE-058E791DBB7D}.Release|ARM64.ActiveCfg = Release|Any CPU
		{CFCE5736-8DF9-4489-A1CE-058E791DBB7D}.Release|ARM64.Build.0 = Release|Any CPU
		{CFCE5736-8DF9-4489-A1CE-058E791DBB7D}.Release|x64.ActiveCfg = Release|Any CPU
		{CFCE5736-8DF9-4489-A1CE-058E791DBB7D}.Release|x64.Build.0 = Release|Any CPU
		{CFCE5736-8DF9-4489-A1CE-058E791DBB7D}.Release|x86.ActiveCfg = Release|Any CPU
		{CFCE5736-8DF9-4489-A1CE-058E791DBB7D}.Release|x86.Build.0 = Release|Any CPU
		{0E4EA4CC-76FD-465F-9EAC-D40CCEDA5CE2}.Debug|Any CPU.ActiveCfg = Debug|x86
		{0E4EA4CC-76FD-465F-9EAC-D40CCEDA5CE2}.Debug|ARM.ActiveCfg = Debug|ARM
		{0E4EA4CC-76FD-465F-9EAC-D40CCEDA5CE2}.Debug|ARM.Build.0 = Debug|ARM
		{0E4EA4CC-76FD-465F-9EAC-D40CCEDA5CE2}.Debug|ARM.Deploy.0 = Debug|ARM
		{0E4EA4CC-76FD-465F-9EAC-D40CCEDA5CE2}.Debug|ARM64.ActiveCfg = Debug|ARM64
		{0E4EA4CC-76FD-465F-9EAC-D40CCEDA5CE2}.Debug|ARM64.Build.0 = Debug|ARM64
		{0E4EA4CC-76FD-465F-9EAC-D40CCEDA5CE2}.Debug|ARM64.Deploy.0 = Debug|ARM64
		{0E4EA4CC-76FD-465F-9EAC-D40CCEDA5CE2}.Debug|x64.ActiveCfg = Debug|x64
		{0E4EA4CC-76FD-465F-9EAC-D40CCEDA5CE2}.Debug|x64.Build.0 = Debug|x64
		{0E4EA4CC-76FD-465F-9EAC-D40CCEDA5CE2}.Debug|x64.Deploy.0 = Debug|x64
		{0E4EA4CC-76FD-465F-9EAC-D40CCEDA5CE2}.Debug|x86.ActiveCfg = Debug|x86
		{0E4EA4CC-76FD-465F-9EAC-D40CCEDA5CE2}.Debug|x86.Build.0 = Debug|x86
		{0E4EA4CC-76FD-465F-9EAC-D40CCEDA5CE2}.Debug|x86.Deploy.0 = Debug|x86
		{0E4EA4CC-76FD-465F-9EAC-D40CCEDA5CE2}.Release|Any CPU.ActiveCfg = Release|x86
		{0E4EA4CC-76FD-465F-9EAC-D40CCEDA5CE2}.Release|ARM.ActiveCfg = Release|ARM
		{0E4EA4CC-76FD-465F-9EAC-D40CCEDA5CE2}.Release|ARM.Build.0 = Release|ARM
		{0E4EA4CC-76FD-465F-9EAC-D40CCEDA5CE2}.Release|ARM.Deploy.0 = Release|ARM
		{0E4EA4CC-76FD-465F-9EAC-D40CCEDA5CE2}.Release|ARM64.ActiveCfg = Release|ARM64
		{0E4EA4CC-76FD-465F-9EAC-D40CCEDA5CE2}.Release|ARM64.Build.0 = Release|ARM64
		{0E4EA4CC-76FD-465F-9EAC-D40CCEDA5CE2}.Release|ARM64.Deploy.0 = Release|ARM64
		{0E4EA4CC-76FD-465F-9EAC-D40CCEDA5CE2}.Release|x64.ActiveCfg = Release|x64
		{0E4EA4CC-76FD-465F-9EAC-D40CCEDA5CE2}.Release|x64.Build.0 = Release|x64
		{0E4EA4CC-76FD-465F-9EAC-D40CCEDA5CE2}.Release|x64.Deploy.0 = Release|x64
		{0E4EA4CC-76FD-465F-9EAC-D40CCEDA5CE2}.Release|x86.ActiveCfg = Release|x86
		{0E4EA4CC-76FD-465F-9EAC-D40CCEDA5CE2}.Release|x86.Build.0 = Release|x86
		{0E4EA4CC-76FD-465F-9EAC-D40CCEDA5CE2}.Release|x86.Deploy.0 = Release|x86
		{F6FDBC50-9D09-4664-98AE-EE7A339E59D6}.Debug|Any CPU.ActiveCfg = Debug|Any CPU
		{F6FDBC50-9D09-4664-98AE-EE7A339E59D6}.Debug|Any CPU.Build.0 = Debug|Any CPU
		{F6FDBC50-9D09-4664-98AE-EE7A339E59D6}.Debug|ARM.ActiveCfg = Debug|ARM
		{F6FDBC50-9D09-4664-98AE-EE7A339E59D6}.Debug|ARM.Build.0 = Debug|ARM
		{F6FDBC50-9D09-4664-98AE-EE7A339E59D6}.Debug|ARM64.ActiveCfg = Debug|ARM64
		{F6FDBC50-9D09-4664-98AE-EE7A339E59D6}.Debug|ARM64.Build.0 = Debug|ARM64
		{F6FDBC50-9D09-4664-98AE-EE7A339E59D6}.Debug|x64.ActiveCfg = Debug|x64
		{F6FDBC50-9D09-4664-98AE-EE7A339E59D6}.Debug|x64.Build.0 = Debug|x64
		{F6FDBC50-9D09-4664-98AE-EE7A339E59D6}.Debug|x86.ActiveCfg = Debug|x86
		{F6FDBC50-9D09-4664-98AE-EE7A339E59D6}.Debug|x86.Build.0 = Debug|x86
		{F6FDBC50-9D09-4664-98AE-EE7A339E59D6}.Release|Any CPU.ActiveCfg = Release|Any CPU
		{F6FDBC50-9D09-4664-98AE-EE7A339E59D6}.Release|Any CPU.Build.0 = Release|Any CPU
		{F6FDBC50-9D09-4664-98AE-EE7A339E59D6}.Release|ARM.ActiveCfg = Release|ARM
		{F6FDBC50-9D09-4664-98AE-EE7A339E59D6}.Release|ARM.Build.0 = Release|ARM
		{F6FDBC50-9D09-4664-98AE-EE7A339E59D6}.Release|ARM64.ActiveCfg = Release|ARM64
		{F6FDBC50-9D09-4664-98AE-EE7A339E59D6}.Release|ARM64.Build.0 = Release|ARM64
		{F6FDBC50-9D09-4664-98AE-EE7A339E59D6}.Release|x64.ActiveCfg = Release|x64
		{F6FDBC50-9D09-4664-98AE-EE7A339E59D6}.Release|x64.Build.0 = Release|x64
		{F6FDBC50-9D09-4664-98AE-EE7A339E59D6}.Release|x86.ActiveCfg = Release|x86
		{F6FDBC50-9D09-4664-98AE-EE7A339E59D6}.Release|x86.Build.0 = Release|x86
	EndGlobalSection
	GlobalSection(SolutionProperties) = preSolution
		HideSolutionNode = FALSE
	EndGlobalSection
	GlobalSection(ExtensibilityGlobals) = postSolution
		SolutionGuid = {9B340707-B67A-49F1-87EC-958209A39499}
	EndGlobalSection
EndGlobal
