
Microsoft Visual Studio Solution File, Format Version 12.00
# Visual Studio 15
VisualStudioVersion = 15.0.28010.2036
MinimumVisualStudioVersion = 10.0.40219.1
Project("{FAE04EC0-301F-11D3-BF4B-00C04F79EFBC}") = "autorrent", "autorrent\autorrent.csproj", "{D8D006FB-E6D1-4661-8614-F19A7BC1941B}"
EndProject
Global
	GlobalSection(SolutionConfigurationPlatforms) = preSolution
		Debug|Any CPU = Debug|Any CPU
		Debug|x64 = Debug|x64
		Debug|x86 = Debug|x86
		Release|Any CPU = Release|Any CPU
		Release|x64 = Release|x64
		Release|x86 = Release|x86
	EndGlobalSection
	GlobalSection(ProjectConfigurationPlatforms) = postSolution
		{D8D006FB-E6D1-4661-8614-F19A7BC1941B}.Debug|Any CPU.ActiveCfg = Debug|x64
		{D8D006FB-E6D1-4661-8614-F19A7BC1941B}.Debug|Any CPU.Build.0 = Debug|x64
		{D8D006FB-E6D1-4661-8614-F19A7BC1941B}.Debug|x64.ActiveCfg = Debug|x64
		{D8D006FB-E6D1-4661-8614-F19A7BC1941B}.Debug|x64.Build.0 = Debug|x64
		{D8D006FB-E6D1-4661-8614-F19A7BC1941B}.Debug|x86.ActiveCfg = Debug|x86
		{D8D006FB-E6D1-4661-8614-F19A7BC1941B}.Debug|x86.Build.0 = Debug|x86
		{D8D006FB-E6D1-4661-8614-F19A7BC1941B}.Release|Any CPU.ActiveCfg = Release|Any CPU
		{D8D006FB-E6D1-4661-8614-F19A7BC1941B}.Release|Any CPU.Build.0 = Release|Any CPU
		{D8D006FB-E6D1-4661-8614-F19A7BC1941B}.Release|x64.ActiveCfg = Release|Any CPU
		{D8D006FB-E6D1-4661-8614-F19A7BC1941B}.Release|x64.Build.0 = Release|Any CPU
		{D8D006FB-E6D1-4661-8614-F19A7BC1941B}.Release|x86.ActiveCfg = Release|x86
		{D8D006FB-E6D1-4661-8614-F19A7BC1941B}.Release|x86.Build.0 = Release|x86
	EndGlobalSection
	GlobalSection(SolutionProperties) = preSolution
		HideSolutionNode = FALSE
	EndGlobalSection
	GlobalSection(ExtensibilityGlobals) = postSolution
		SolutionGuid = {9B340707-B67A-49F1-87EC-958209A39499}
	EndGlobalSection
EndGlobal
